
Microsoft Visual Studio Solution File, Format Version 12.00
# Visual Studio Version 17
VisualStudioVersion = 17.7.34202.233
MinimumVisualStudioVersion = 10.0.40219.1
Project("{FAE04EC0-301F-11D3-BF4B-00C04F79EFBC}") = "GameDevProject", "GameDevProject.csproj", "{4722CCFB-FAA6-439B-AF76-4003D46ED965}"
EndProject
Global
	GlobalSection(SolutionConfigurationPlatforms) = preSolution
		Debug|Any CPU = Debug|Any CPU
		Release|Any CPU = Release|Any CPU
	EndGlobalSection
	GlobalSection(ProjectConfigurationPlatforms) = postSolution
		{4722CCFB-FAA6-439B-AF76-4003D46ED965}.Debug|Any CPU.ActiveCfg = Debug|Any CPU
		{4722CCFB-FAA6-439B-AF76-4003D46ED965}.Debug|Any CPU.Build.0 = Debug|Any CPU
		{4722CCFB-FAA6-439B-AF76-4003D46ED965}.Release|Any CPU.ActiveCfg = Release|Any CPU
		{4722CCFB-FAA6-439B-AF76-4003D46ED965}.Release|Any CPU.Build.0 = Release|Any CPU
	EndGlobalSection
	GlobalSection(SolutionProperties) = preSolution
		HideSolutionNode = FALSE
	EndGlobalSection
	GlobalSection(ExtensibilityGlobals) = postSolution
		SolutionGuid = {A5FFF9F7-2C52-43E1-812B-FE89C34F5A7F}
	EndGlobalSection
EndGlobal
